
Microsoft Visual Studio Solution File, Format Version 12.00
# Visual Studio Version 16
VisualStudioVersion = 16.0.31205.134
MinimumVisualStudioVersion = 10.0.40219.1
Project("{FAE04EC0-301F-11D3-BF4B-00C04F79EFBC}") = "APIRepositoryPattern", "APIRepositoryPattern\APIRepositoryPattern.csproj", "{C3827A2F-B95D-4619-A2C0-6B4E7BE822D9}"
EndProject
Project("{FAE04EC0-301F-11D3-BF4B-00C04F79EFBC}") = "Entities", "Entities\Entities.csproj", "{6747F482-1B40-4915-89D7-2136568E1643}"
EndProject
Project("{FAE04EC0-301F-11D3-BF4B-00C04F79EFBC}") = "Contracts", "Contracts\Contracts.csproj", "{56C06F73-E616-46EF-B5A7-81B770E0228B}"
EndProject
Project("{FAE04EC0-301F-11D3-BF4B-00C04F79EFBC}") = "Repository", "Repository\Repository.csproj", "{A46A3D9C-6154-4F28-A001-059F6DF61230}"
EndProject
Global
	GlobalSection(SolutionConfigurationPlatforms) = preSolution
		Debug|Any CPU = Debug|Any CPU
		Release|Any CPU = Release|Any CPU
	EndGlobalSection
	GlobalSection(ProjectConfigurationPlatforms) = postSolution
		{C3827A2F-B95D-4619-A2C0-6B4E7BE822D9}.Debug|Any CPU.ActiveCfg = Debug|Any CPU
		{C3827A2F-B95D-4619-A2C0-6B4E7BE822D9}.Debug|Any CPU.Build.0 = Debug|Any CPU
		{C3827A2F-B95D-4619-A2C0-6B4E7BE822D9}.Release|Any CPU.ActiveCfg = Release|Any CPU
		{C3827A2F-B95D-4619-A2C0-6B4E7BE822D9}.Release|Any CPU.Build.0 = Release|Any CPU
		{6747F482-1B40-4915-89D7-2136568E1643}.Debug|Any CPU.ActiveCfg = Debug|Any CPU
		{6747F482-1B40-4915-89D7-2136568E1643}.Debug|Any CPU.Build.0 = Debug|Any CPU
		{6747F482-1B40-4915-89D7-2136568E1643}.Release|Any CPU.ActiveCfg = Release|Any CPU
		{6747F482-1B40-4915-89D7-2136568E1643}.Release|Any CPU.Build.0 = Release|Any CPU
		{56C06F73-E616-46EF-B5A7-81B770E0228B}.Debug|Any CPU.ActiveCfg = Debug|Any CPU
		{56C06F73-E616-46EF-B5A7-81B770E0228B}.Debug|Any CPU.Build.0 = Debug|Any CPU
		{56C06F73-E616-46EF-B5A7-81B770E0228B}.Release|Any CPU.ActiveCfg = Release|Any CPU
		{56C06F73-E616-46EF-B5A7-81B770E0228B}.Release|Any CPU.Build.0 = Release|Any CPU
		{A46A3D9C-6154-4F28-A001-059F6DF61230}.Debug|Any CPU.ActiveCfg = Debug|Any CPU
		{A46A3D9C-6154-4F28-A001-059F6DF61230}.Debug|Any CPU.Build.0 = Debug|Any CPU
		{A46A3D9C-6154-4F28-A001-059F6DF61230}.Release|Any CPU.ActiveCfg = Release|Any CPU
		{A46A3D9C-6154-4F28-A001-059F6DF61230}.Release|Any CPU.Build.0 = Release|Any CPU
	EndGlobalSection
	GlobalSection(SolutionProperties) = preSolution
		HideSolutionNode = FALSE
	EndGlobalSection
	GlobalSection(ExtensibilityGlobals) = postSolution
		SolutionGuid = {ECA73BE5-1D61-4A90-8F67-7F6EB41AE68E}
	EndGlobalSection
EndGlobal
